
Microsoft Visual Studio Solution File, Format Version 12.00
# Visual Studio Version 17
VisualStudioVersion = 17.4.32804.182
MinimumVisualStudioVersion = 10.0.40219.1
Project("{FAE04EC0-301F-11D3-BF4B-00C04F79EFBC}") = "apiGXCFernandoM", "apiGXCFernandoM\apiGXCFernandoM.csproj", "{131E9432-1CE6-465E-A7CA-A8646857C099}"
EndProject
Global
	GlobalSection(SolutionConfigurationPlatforms) = preSolution
		Debug|Any CPU = Debug|Any CPU
		Release|Any CPU = Release|Any CPU
	EndGlobalSection
	GlobalSection(ProjectConfigurationPlatforms) = postSolution
		{131E9432-1CE6-465E-A7CA-A8646857C099}.Debug|Any CPU.ActiveCfg = Debug|Any CPU
		{131E9432-1CE6-465E-A7CA-A8646857C099}.Debug|Any CPU.Build.0 = Debug|Any CPU
		{131E9432-1CE6-465E-A7CA-A8646857C099}.Release|Any CPU.ActiveCfg = Release|Any CPU
		{131E9432-1CE6-465E-A7CA-A8646857C099}.Release|Any CPU.Build.0 = Release|Any CPU
	EndGlobalSection
	GlobalSection(SolutionProperties) = preSolution
		HideSolutionNode = FALSE
	EndGlobalSection
	GlobalSection(ExtensibilityGlobals) = postSolution
		SolutionGuid = {A26CE450-3939-443C-893C-8BE0A9233D1F}
	EndGlobalSection
EndGlobal
